
Microsoft Visual Studio Solution File, Format Version 12.00
# Visual Studio Version 17
VisualStudioVersion = 17.0.31903.59
MinimumVisualStudioVersion = 10.0.40219.1
Project("{FAE04EC0-301F-11D3-BF4B-00C04F79EFBC}") = "orientacao", "orientacao\orientacao.csproj", "{C4A6841E-8AF0-4CEF-91D9-5041825B1BAF}"
EndProject
Global
	GlobalSection(SolutionConfigurationPlatforms) = preSolution
		Debug|Any CPU = Debug|Any CPU
		Release|Any CPU = Release|Any CPU
	EndGlobalSection
	GlobalSection(SolutionProperties) = preSolution
		HideSolutionNode = FALSE
	EndGlobalSection
	GlobalSection(ProjectConfigurationPlatforms) = postSolution
		{C4A6841E-8AF0-4CEF-91D9-5041825B1BAF}.Debug|Any CPU.ActiveCfg = Debug|Any CPU
		{C4A6841E-8AF0-4CEF-91D9-5041825B1BAF}.Debug|Any CPU.Build.0 = Debug|Any CPU
		{C4A6841E-8AF0-4CEF-91D9-5041825B1BAF}.Release|Any CPU.ActiveCfg = Release|Any CPU
		{C4A6841E-8AF0-4CEF-91D9-5041825B1BAF}.Release|Any CPU.Build.0 = Release|Any CPU
	EndGlobalSection
EndGlobal
